PODS:
  - composeApp (1.0):
    - RevenueCat (~> 5.21)
    - RevenueCatUI (~> 5.21)
  - PurchasesHybridCommon (17.24.0):
    - RevenueCat (= 5.50.1)
  - PurchasesHybridCommonUI (17.24.0):
    - PurchasesHybridCommon (= 17.24.0)
    - RevenueCatUI (= 5.50.1)
  - RevenueCat (5.50.1)
  - RevenueCatUI (5.50.1):
    - RevenueCat (= 5.50.1)

DEPENDENCIES:
  - composeApp (from `../composeApp`)
  - PurchasesHybridCommon (~> 17.11)
  - PurchasesHybridCommonUI (~> 17.11)
  - RevenueCat (~> 5.21)
  - RevenueCatUI (~> 5.21)

SPEC REPOS:
  trunk:
    - PurchasesHybridCommon
    - PurchasesHybridCommonUI
    - RevenueCat
    - RevenueCatUI

EXTERNAL SOURCES:
  composeApp:
    :path: "../composeApp"

SPEC CHECKSUMS:
  composeApp: 5fde1d3540bdf1b01c1f456768b6f50a86b5d2e1
  PurchasesHybridCommon: 3b79d2602b94ed9ee3e8c4b31be4cd2a640c9dc9
  PurchasesHybridCommonUI: cb0d8e875a0a1594e003e21b0612eb40b2c508b1
  RevenueCat: c676920ae9b3c9cd08c49d26e7cd4c04a0263069
  RevenueCatUI: a0566e6da2a8ae917a00956e76b7aa474de62f14

PODFILE CHECKSUM: b992aa9e7a4d817174f5fb7b67d1797d0e7b4da4

COCOAPODS: 1.16.2
